<?xml version="1.0" encoding="utf-8"?>
<Project ToolsVersion="4.0" xmlns="http://schemas.microsoft.com/developer/msbuild/2003">
  <ItemGroup>
    <Filter Include="gpu">
      <UniqueIdentifier>{964d2f15-c3e8-440e-8ff2-962463dca9fa}</UniqueIdentifier>
    </Filter>
    <Filter Include="model">
      <UniqueIdentifier>{0503a3bf-942f-4dae-99ed-6ddf4db16d5f}</UniqueIdentifier>
    </Filter>
    <Filter Include="pop">
      <UniqueIdentifier>{02a897a4-968c-47c6-8865-aba01c0504c8}</UniqueIdentifier>
    </Filter>
    <Filter Include="sim">
      <UniqueIdentifier>{2d5bb87a-93dd-496b-ad5f-2dbdc524bb40}</UniqueIdentifier>
    </Filter>
    <Filter Include="tests">
      <UniqueIdentifier>{4137b97e-dbf7-4914-86d4-ac980a31ec73}</UniqueIdentifier>
    </Filter>
    <Filter Include="exceptions">
      <UniqueIdentifier>{7c4cd09c-4b23-4143-a13e-192947641074}</UniqueIdentifier>
    </Filter>
    <Filter Include="runtime">
      <UniqueIdentifier>{507628b0-cab9-430b-b382-a8b91da5d0fd}</UniqueIdentifier>
    </Filter>
    <Filter Include="runtime\cuRVE">
      <UniqueIdentifier>{f9bf7c5e-66c9-4919-81a5-dc55f7208d4f}</UniqueIdentifier>
    </Filter>
  </ItemGroup>
  <ItemGroup>
    <ClInclude Include="gpu\CUDAAgentModel.h">
      <Filter>gpu</Filter>
    </ClInclude>
    <ClInclude Include="model\AgentDescription.h">
      <Filter>model</Filter>
    </ClInclude>
    <ClInclude Include="model\AgentFunctionDescription.h">
      <Filter>model</Filter>
    </ClInclude>
    <ClInclude Include="model\AgentFunctionInput.h">
      <Filter>model</Filter>
    </ClInclude>
    <ClInclude Include="model\AgentFunctionOutput.h">
      <Filter>model</Filter>
    </ClInclude>
    <ClInclude Include="model\AgentStateDescription.h">
      <Filter>model</Filter>
    </ClInclude>
    <ClInclude Include="model\MessageDescription.h">
      <Filter>model</Filter>
    </ClInclude>
    <ClInclude Include="model\ModelDescription.h">
      <Filter>model</Filter>
    </ClInclude>
    <ClInclude Include="pop\AgentInstance.h">
      <Filter>pop</Filter>
    </ClInclude>
    <ClInclude Include="pop\AgentPopulation.h">
      <Filter>pop</Filter>
    </ClInclude>
    <ClInclude Include="pop\AgentStateMemory.h">
      <Filter>pop</Filter>
    </ClInclude>
    <ClInclude Include="gpu\CUDAAgentStateList.h">
      <Filter>gpu</Filter>
    </ClInclude>
    <ClInclude Include="gpu\CUDAAgent.h">
      <Filter>gpu</Filter>
    </ClInclude>
    <ClInclude Include="sim\Simulation.h">
      <Filter>sim</Filter>
    </ClInclude>
    <ClInclude Include="sim\SimulationLayer.h">
      <Filter>sim</Filter>
    </ClInclude>
    <ClInclude Include="gpu\CUDAErrorChecking.h">
      <Filter>gpu</Filter>
    </ClInclude>
    <ClInclude Include="exception\FGPUException.h">
      <Filter>exceptions</Filter>
    </ClInclude>
    <ClInclude Include="pop\MemoryVector.h">
      <Filter>pop</Filter>
    </ClInclude>
    <ClInclude Include="tests\test_gpu_validation.h">
      <Filter>tests</Filter>
    </ClInclude>
    <ClInclude Include="tests\test_model_validation.h">
      <Filter>tests</Filter>
    </ClInclude>
    <ClInclude Include="tests\test_pop_validation.h">
      <Filter>tests</Filter>
    </ClInclude>
    <ClInclude Include="tests\test_sim_validation.h">
      <Filter>tests</Filter>
    </ClInclude>
    <ClInclude Include="tests\test_func_pointer.h">
      <Filter>tests</Filter>
    </ClInclude>
    <ClInclude Include="runtime\cuRVE\curve.h">
      <Filter>runtime\cuRVE</Filter>
    </ClInclude>
    <ClInclude Include="runtime\cuRVE\cuRVEInstance.h">
      <Filter>runtime\cuRVE</Filter>
    </ClInclude>
    <ClInclude Include="tests\device_functions.h">
      <Filter>tests</Filter>
    </ClInclude>
    <ClInclude Include="runtime\agent_function.h">
      <Filter>runtime</Filter>
    </ClInclude>
    <ClInclude Include="runtime\flame_api.h">
      <Filter>runtime</Filter>
    </ClInclude>
    <ClInclude Include="runtime\flame_functions_api.h">
      <Filter>runtime</Filter>
    </ClInclude>
    <ClInclude Include="tests\test_message_validation.h">
      <Filter>tests</Filter>
    </ClInclude>
    <ClInclude Include="gpu\CUDAMessage.h">
      <Filter>gpu</Filter>
    </ClInclude>
    <ClInclude Include="gpu\CUDAMessageList.h">
      <Filter>gpu</Filter>
    </ClInclude>
    <ClInclude Include="runtime\message_iterator.h">
      <Filter>runtime</Filter>
    </ClInclude>
    <ClInclude Include="runtime\message.h">
      <Filter>runtime</Filter>
    </ClInclude>
    <ClInclude Include="runtime\custom_iter.h">
      <Filter>runtime</Filter>
    </ClInclude>
  </ItemGroup>
  <ItemGroup>
    <ClCompile Include="model\AgentDescription.cpp">
      <Filter>model</Filter>
    </ClCompile>
    <ClCompile Include="model\AgentFunctionDescription.cpp">
      <Filter>model</Filter>
    </ClCompile>
    <ClCompile Include="model\AgentFunctionInput.cpp">
      <Filter>model</Filter>
    </ClCompile>
    <ClCompile Include="model\AgentFunctionOutput.cpp">
      <Filter>model</Filter>
    </ClCompile>
    <ClCompile Include="model\AgentStateDescription.cpp">
      <Filter>model</Filter>
    </ClCompile>
    <ClCompile Include="model\MessageDescription.cpp">
      <Filter>model</Filter>
    </ClCompile>
    <ClCompile Include="model\ModelDescription.cpp">
      <Filter>model</Filter>
    </ClCompile>
    <ClCompile Include="pop\AgentInstance.cpp">
      <Filter>pop</Filter>
    </ClCompile>
    <ClCompile Include="pop\AgentPopulation.cpp">
      <Filter>pop</Filter>
    </ClCompile>
    <ClCompile Include="pop\AgentStateMemory.cpp">
      <Filter>pop</Filter>
    </ClCompile>
    <ClCompile Include="gpu\CUDAAgentStateList.cpp">
      <Filter>gpu</Filter>
    </ClCompile>
    <ClCompile Include="gpu\CUDAAgent.cpp">
      <Filter>gpu</Filter>
    </ClCompile>
    <ClCompile Include="sim\Simulation.cpp">
      <Filter>sim</Filter>
    </ClCompile>
    <ClCompile Include="sim\SimulationLayer.cpp">
      <Filter>sim</Filter>
    </ClCompile>
    <ClCompile Include="gpu\CUDAMessage.cpp">
      <Filter>gpu</Filter>
    </ClCompile>
    <ClCompile Include="gpu\CUDAMessageList.cpp">
      <Filter>gpu</Filter>
    </ClCompile>
    <ClCompile Include="tests\test_all.cpp">
      <Filter>tests</Filter>
    </ClCompile>
    <ClCompile Include="function.c" />
  </ItemGroup>
  <ItemGroup>
    <CudaCompile Include="runtime\cuRVE\curve.cu">
      <Filter>runtime\cuRVE</Filter>
    </CudaCompile>
    <CudaCompile Include="gpu\CUDAAgentModel.cu">
      <Filter>gpu</Filter>
    </CudaCompile>
    <CudaCompile Include="main_MAS.cu" />
    <CudaCompile Include="runtime\agent_function.cu">
      <Filter>runtime</Filter>
    </CudaCompile>
    <CudaCompile Include="tests\device_functions.cu">
      <Filter>tests</Filter>
    </CudaCompile>
    <CudaCompile Include="main.cu" />
  </ItemGroup>
</Project>