<?xml version="1.0" encoding="UTF-8" standalone="yes" ?>
<CodeBlocks_project_file>
	<FileVersion major="1" minor="6" />
	<Project>
		<Option title="FLAMEGPU2_dev" />
		<Option pch_mode="2" />
		<Option compiler="gcc" />
		<Build>
			<Target title="Debug">
				<Option output="bin/Debug/FLAMEGPU2_dev" prefix_auto="1" extension_auto="1" />
				<Option object_output="obj/Debug/" />
				<Option type="1" />
				<Option compiler="gcc" />
				<Compiler>
					<Add option="-g" />
				</Compiler>
			</Target>
			<Target title="Release">
				<Option output="bin/Release/FLAMEGPU2_dev" prefix_auto="1" extension_auto="1" />
				<Option object_output="obj/Release/" />
				<Option type="1" />
				<Option compiler="gcc" />
				<Compiler>
					<Add option="-O2" />
				</Compiler>
				<Linker>
					<Add option="-s" />
				</Linker>
			</Target>
		</Build>
		<Compiler>
			<Add option="-Wall" />
			<Add option="-fexceptions" />
		</Compiler>
		<Unit filename="api/flame_api.h" />
		<Unit filename="api/flamegpu2.h" />
		<Unit filename="gpu/CUDAAgent.cpp" />
		<Unit filename="gpu/CUDAAgent.h" />
		<Unit filename="gpu/CUDAAgentModel.cpp" />
		<Unit filename="gpu/CUDAAgentModel.h" />
		<Unit filename="gpu/CUDAAgentStateList.cpp" />
		<Unit filename="gpu/CUDAAgentStateList.h" />
		<Unit filename="gpu/CUDAErrorChecking.h" />
		<Unit filename="gpu/RuntimeHashing.h" />
		<Unit filename="main.cpp" />
		<Unit filename="model/AgentDescription.cpp" />
		<Unit filename="model/AgentDescription.h" />
		<Unit filename="model/AgentFunctionDescription.cpp" />
		<Unit filename="model/AgentFunctionDescription.h" />
		<Unit filename="model/AgentFunctionInput.cpp" />
		<Unit filename="model/AgentFunctionInput.h" />
		<Unit filename="model/AgentFunctionOutput.cpp" />
		<Unit filename="model/AgentFunctionOutput.h" />
		<Unit filename="model/AgentStateDescription.cpp" />
		<Unit filename="model/AgentStateDescription.h" />
		<Unit filename="model/MessageDescription.cpp" />
		<Unit filename="model/MessageDescription.h" />
		<Unit filename="model/ModelDescription.cpp" />
		<Unit filename="model/ModelDescription.h" />
		<Unit filename="pop/AgentInstance.cpp" />
		<Unit filename="pop/AgentInstance.h" />
		<Unit filename="pop/AgentPopulation.cpp" />
		<Unit filename="pop/AgentPopulation.h" />
		<Unit filename="pop/AgentStateMemory.cpp" />
		<Unit filename="pop/AgentStateMemory.h" />
		<Unit filename="sim/Simulation.cpp" />
		<Unit filename="sim/Simulation.h" />
		<Unit filename="sim/SimulationLayer.cpp" />
		<Unit filename="sim/SimulationLayer.h" />
		<Extensions>
			<code_completion />
			<debugger />
		</Extensions>
	</Project>
</CodeBlocks_project_file>
