<?xml version="1.0" encoding="utf-8"?>
<Project ToolsVersion="4.0" xmlns="http://schemas.microsoft.com/developer/msbuild/2003">
  <ItemGroup>
    <Filter Include="src">
      <UniqueIdentifier>{a20d09d1-fdfb-459c-92af-2a9b6202fcbf}</UniqueIdentifier>
    </Filter>
  </ItemGroup>
  <ItemGroup>
    <CudaCompile Include="src\main.cu">
      <Filter>src</Filter>
    </CudaCompile>
  </ItemGroup>
</Project>