<?xml version="1.0" encoding="utf-8"?>
<Project ToolsVersion="4.0" xmlns="http://schemas.microsoft.com/developer/msbuild/2003">
  <ItemGroup>
    <CudaCompile Include="flamegpu\gpu\CUDAMessageList.cu">
      <Filter>src\flamegpu\gpu</Filter>
    </CudaCompile>
    <CudaCompile Include="flamegpu\gpu\CUDAMessage.cu">
      <Filter>src\flamegpu\gpu</Filter>
    </CudaCompile>
    <CudaCompile Include="flamegpu\gpu\CUDAAgentStateList.cu">
      <Filter>src\flamegpu\gpu</Filter>
    </CudaCompile>
    <CudaCompile Include="flamegpu\gpu\CUDAAgentModel.cu">
      <Filter>src\flamegpu\gpu</Filter>
    </CudaCompile>
    <CudaCompile Include="flamegpu\gpu\CUDAAgent.cu">
      <Filter>src\flamegpu\gpu</Filter>
    </CudaCompile>
    <CudaCompile Include="flamegpu\model\ModelDescription.cu">
      <Filter>src\flamegpu\model</Filter>
    </CudaCompile>
    <CudaCompile Include="flamegpu\model\AgentDescription.cu">
      <Filter>src\flamegpu\model</Filter>
    </CudaCompile>
    <CudaCompile Include="flamegpu\model\AgentFunctionDescription.cu">
      <Filter>src\flamegpu\model</Filter>
    </CudaCompile>
    <CudaCompile Include="flamegpu\pop\AgentPopulation.cu">
      <Filter>src\flamegpu\pop</Filter>
    </CudaCompile>
    <CudaCompile Include="flamegpu\pop\AgentStateMemory.cu">
      <Filter>src\flamegpu\pop</Filter>
    </CudaCompile>
    <CudaCompile Include="flamegpu\runtime\cuRVE\curve.cu">
      <Filter>src\flamegpu\runtime\cuRVE</Filter>
    </CudaCompile>
    <CudaCompile Include="flamegpu\runtime\agent_function.cu">
      <Filter>src\flamegpu\runtime</Filter>
    </CudaCompile>
    <CudaCompile Include="flamegpu\sim\Simulation.cu">
      <Filter>src\flamegpu\sim</Filter>
    </CudaCompile>
    <CudaCompile Include="flamegpu\sim\SimulationLayer.cu">
      <Filter>src\flamegpu\sim</Filter>
    </CudaCompile>
  </ItemGroup>
  <ItemGroup>
    <ClCompile Include="..\externals\tinyxml2\tinyxml2.cpp">
      <Filter>externals\tinyxml2</Filter>
    </ClCompile>
    <ClCompile Include="..\externals\tinyxml2\xmltest.cpp">
      <Filter>externals\tinyxml2</Filter>
    </ClCompile>
    <ClCompile Include="flamegpu\model\MessageDescription.cpp">
      <Filter>src\flamegpu\model</Filter>
    </ClCompile>
    <ClCompile Include="flamegpu\model\AgentStateDescription.cpp">
      <Filter>src\flamegpu\model</Filter>
    </ClCompile>
    <ClCompile Include="flamegpu\model\AgentFunctionInput.cpp">
      <Filter>src\flamegpu\model</Filter>
    </ClCompile>
    <ClCompile Include="flamegpu\model\AgentFunctionOutput.cpp">
      <Filter>src\flamegpu\model</Filter>
    </ClCompile>
    <ClCompile Include="flamegpu\pop\AgentInstance.cpp">
      <Filter>src\flamegpu\pop</Filter>
    </ClCompile>
    <ClCompile Include="flamegpu\io\xmlReader.cu">
      <Filter>src\flamegpu\io</Filter>
    </ClCompile>
    <ClCompile Include="flamegpu\io\xmlWriter.cu">
      <Filter>src\flamegpu\io</Filter>
    </ClCompile>
  </ItemGroup>
  <ItemGroup>
    <ClInclude Include="..\externals\tinyxml2\tinyxml2.h">
      <Filter>externals\tinyxml2</Filter>
    </ClInclude>
    <ClInclude Include="..\include\flamegpu\gpu\CUDAAgent.h">
      <Filter>include\flamegpu\gpu</Filter>
    </ClInclude>
    <ClInclude Include="..\include\flamegpu\gpu\CUDAAgentModel.h">
      <Filter>include\flamegpu\gpu</Filter>
    </ClInclude>
    <ClInclude Include="..\include\flamegpu\gpu\CUDAAgentStateList.h">
      <Filter>include\flamegpu\gpu</Filter>
    </ClInclude>
    <ClInclude Include="..\include\flamegpu\gpu\CUDAErrorChecking.h">
      <Filter>include\flamegpu\gpu</Filter>
    </ClInclude>
    <ClInclude Include="..\include\flamegpu\gpu\CUDAMessage.h">
      <Filter>include\flamegpu\gpu</Filter>
    </ClInclude>
    <ClInclude Include="..\include\flamegpu\gpu\CUDAMessageList.h">
      <Filter>include\flamegpu\gpu</Filter>
    </ClInclude>
    <ClInclude Include="..\include\flamegpu\runtime\cuRVE\curve.h">
      <Filter>include\flamegpu\runtime\cuRVE</Filter>
    </ClInclude>
    <ClInclude Include="..\include\flamegpu\runtime\cuRVE\cuRVEInstance.h">
      <Filter>include\flamegpu\runtime\cuRVE</Filter>
    </ClInclude>
    <ClInclude Include="..\include\flamegpu\exception\FGPUException.h">
      <Filter>include\flamegpu\exception</Filter>
    </ClInclude>
    <ClInclude Include="..\include\flamegpu\model\AgentDescription.h">
      <Filter>include\flamegpu\model</Filter>
    </ClInclude>
    <ClInclude Include="..\include\flamegpu\model\AgentFunctionDescription.h">
      <Filter>include\flamegpu\model</Filter>
    </ClInclude>
    <ClInclude Include="..\include\flamegpu\model\AgentFunctionInput.h">
      <Filter>include\flamegpu\model</Filter>
    </ClInclude>
    <ClInclude Include="..\include\flamegpu\model\AgentFunctionOutput.h">
      <Filter>include\flamegpu\model</Filter>
    </ClInclude>
    <ClInclude Include="..\include\flamegpu\model\AgentStateDescription.h">
      <Filter>include\flamegpu\model</Filter>
    </ClInclude>
    <ClInclude Include="..\include\flamegpu\model\MessageDescription.h">
      <Filter>include\flamegpu\model</Filter>
    </ClInclude>
    <ClInclude Include="..\include\flamegpu\model\ModelDescription.h">
      <Filter>include\flamegpu\model</Filter>
    </ClInclude>
    <ClInclude Include="..\include\flamegpu\io\statereader.h">
      <Filter>include\flamegpu\io</Filter>
    </ClInclude>
    <ClInclude Include="..\include\flamegpu\io\statewriter.h">
      <Filter>include\flamegpu\io</Filter>
    </ClInclude>
    <ClInclude Include="..\include\flamegpu\pop\AgentPopulation.h">
      <Filter>include\flamegpu\pop</Filter>
    </ClInclude>
    <ClInclude Include="..\include\flamegpu\pop\AgentInstance.h">
      <Filter>include\flamegpu\pop</Filter>
    </ClInclude>
    <ClInclude Include="..\include\flamegpu\pop\MemoryVector.h">
      <Filter>include\flamegpu\pop</Filter>
    </ClInclude>
    <ClInclude Include="..\include\flamegpu\pop\AgentStateMemory.h">
      <Filter>include\flamegpu\pop</Filter>
    </ClInclude>
    <ClInclude Include="..\include\flamegpu\sim\Simulation.h">
      <Filter>include\flamegpu\sim</Filter>
    </ClInclude>
    <ClInclude Include="..\include\flamegpu\sim\SimulationLayer.h">
      <Filter>include\flamegpu\sim</Filter>
    </ClInclude>
    <ClInclude Include="..\include\flamegpu\runtime\agent_function.h">
      <Filter>include\flamegpu\runtime</Filter>
    </ClInclude>
    <ClInclude Include="..\include\flamegpu\runtime\messagelist.h">
      <Filter>include\flamegpu\runtime</Filter>
    </ClInclude>
    <ClInclude Include="..\include\flamegpu\runtime\flame_functions_api.h">
      <Filter>include\flamegpu\runtime</Filter>
    </ClInclude>
    <ClInclude Include="..\include\flamegpu\flame_api.h">
      <Filter>include\flamegpu</Filter>
    </ClInclude>
    <ClInclude Include="..\include\flamegpu\defines.h">
      <Filter>include\flamegpu</Filter>
    </ClInclude>
    <ClInclude Include="..\include\flamegpu\io\xmlReader.h">
      <Filter>include\flamegpu\io</Filter>
    </ClInclude>
    <ClInclude Include="..\include\flamegpu\io\factory.h">
      <Filter>include\flamegpu\io</Filter>
    </ClInclude>
    <ClInclude Include="..\include\flamegpu\io\xmlWriter.h">
      <Filter>include\flamegpu\io</Filter>
    </ClInclude>
  </ItemGroup>
  <ItemGroup>
    <Filter Include="include">
      <UniqueIdentifier>{38106679-ef99-420f-9c0f-6feb5f6a3593}</UniqueIdentifier>
    </Filter>
    <Filter Include="src">
      <UniqueIdentifier>{94946830-ad0d-44e5-bcec-d06279f4d531}</UniqueIdentifier>
    </Filter>
    <Filter Include="externals">
      <UniqueIdentifier>{77e0dabe-896d-450c-9313-500a6a84f033}</UniqueIdentifier>
    </Filter>
    <Filter Include="include\flamegpu">
      <UniqueIdentifier>{a8102b75-b344-4c79-b983-02ee08afda49}</UniqueIdentifier>
    </Filter>
    <Filter Include="externals\tinyxml2">
      <UniqueIdentifier>{6b228b1f-e310-4fe6-9334-083d07b5a232}</UniqueIdentifier>
    </Filter>
    <Filter Include="src\flamegpu">
      <UniqueIdentifier>{8f16a2cc-8b92-4eea-83cc-e5b0a61b70bf}</UniqueIdentifier>
    </Filter>
    <Filter Include="include\flamegpu\exception">
      <UniqueIdentifier>{b4abcf7c-1dbe-4699-a5f2-109cf7888fae}</UniqueIdentifier>
    </Filter>
    <Filter Include="include\flamegpu\gpu">
      <UniqueIdentifier>{97031687-6bab-44ad-842a-bda104a5e313}</UniqueIdentifier>
    </Filter>
    <Filter Include="include\flamegpu\io">
      <UniqueIdentifier>{f986c65d-be13-41a7-825e-2873a268e1da}</UniqueIdentifier>
    </Filter>
    <Filter Include="include\flamegpu\model">
      <UniqueIdentifier>{fb0af4ca-3efb-43bd-8458-6b31ea08df33}</UniqueIdentifier>
    </Filter>
    <Filter Include="include\flamegpu\runtime">
      <UniqueIdentifier>{1b352a0c-34bb-4831-9418-0be073ef21a8}</UniqueIdentifier>
    </Filter>
    <Filter Include="include\flamegpu\pop">
      <UniqueIdentifier>{de19fa0f-85a4-4587-a95e-4f89875ade9e}</UniqueIdentifier>
    </Filter>
    <Filter Include="include\flamegpu\sim">
      <UniqueIdentifier>{d90b3209-37d1-4f15-940f-8dce081335bc}</UniqueIdentifier>
    </Filter>
    <Filter Include="src\flamegpu\gpu">
      <UniqueIdentifier>{a3c00073-7d34-4637-948a-c31c928a1f48}</UniqueIdentifier>
    </Filter>
    <Filter Include="src\flamegpu\model">
      <UniqueIdentifier>{cde6f8fe-a3f1-446c-b9a2-2ce159500d90}</UniqueIdentifier>
    </Filter>
    <Filter Include="src\flamegpu\sim">
      <UniqueIdentifier>{683acf7b-9984-4816-ac55-3c708c8447da}</UniqueIdentifier>
    </Filter>
    <Filter Include="src\flamegpu\runtime">
      <UniqueIdentifier>{b74fcbea-d41b-4fad-86c3-f78c4829e2d3}</UniqueIdentifier>
    </Filter>
    <Filter Include="src\flamegpu\pop">
      <UniqueIdentifier>{33019615-8a09-4a6e-aabe-6a0e87019d5e}</UniqueIdentifier>
    </Filter>
    <Filter Include="src\flamegpu\runtime\cuRVE">
      <UniqueIdentifier>{ac7b01c3-7b3b-4f1c-9e2b-46a90e399f5e}</UniqueIdentifier>
    </Filter>
    <Filter Include="include\flamegpu\runtime\cuRVE">
      <UniqueIdentifier>{27e0d7ea-13e4-446d-bac2-5195f38a6c37}</UniqueIdentifier>
    </Filter>
    <Filter Include="src\flamegpu\io">
      <UniqueIdentifier>{a7908a6e-68ea-471a-b306-367fb928fb98}</UniqueIdentifier>
    </Filter>
  </ItemGroup>
</Project>
